# THIS IS AN AUTOGENERATED FILE. DO NOT EDIT THIS FILE DIRECTLY.
# yarn lockfile v1


"@d3fc/d3fc-annotation@^3.0.11":
  version "3.0.11"
  resolved "https://registry.yarnpkg.com/@d3fc/d3fc-annotation/-/d3fc-annotation-3.0.11.tgz#a3a2b0955b4bec4fd8c6cdf5715f224924a56435"
  integrity sha512-oqcXG3OnpFyA4m6tTQ61wuDKA2Pdj76YpGO85MosdMwHkWiup/Lm7bnerJhsBTpHbucrumfyf1+DH3c47ZxqIA==
  dependencies:
    "@d3fc/d3fc-data-join" "^6.0.3"
    "@d3fc/d3fc-rebind" "^6.0.1"
    "@d3fc/d3fc-series" "^6.0.4"
    "@d3fc/d3fc-shape" "^6.0.1"

"@d3fc/d3fc-axis@^3.0.5":
  version "3.0.5"
  resolved "https://registry.yarnpkg.com/@d3fc/d3fc-axis/-/d3fc-axis-3.0.5.tgz#615de99c17049c489e7914f6b18c39fb92e5501e"
  integrity sha512-CUzgAgA9OQZ1m9897O1I9hwp/MQW17649mpv2m8hC4zl8AcuP7rIuJLGfS+q3nGlP2KgWK5RPGMCFSl0uvqE2w==
  dependencies:
    "@d3fc/d3fc-data-join" "^6.0.3"
    "@d3fc/d3fc-rebind" "^6.0.1"

"@d3fc/d3fc-brush@^3.0.3":
  version "3.0.3"
  resolved "https://registry.yarnpkg.com/@d3fc/d3fc-brush/-/d3fc-brush-3.0.3.tgz#0c7828e434bd94e156f0d0498ce854637af4d23c"
  integrity sha512-fc1XBuNWl6DQVFSnBdauI/WNRvtNaeUWwDiLEIMY+v0VlrmGOgWEGCB5otVepGZiL56cjgRtHdwYBdKCvgGBSg==
  dependencies:
    "@d3fc/d3fc-data-join" "^6.0.3"
    "@d3fc/d3fc-rebind" "^6.0.1"

"@d3fc/d3fc-chart@^5.0.7":
  version "5.0.7"
  resolved "https://registry.yarnpkg.com/@d3fc/d3fc-chart/-/d3fc-chart-5.0.7.tgz#4ba80e9889eba7ab9d39b112ec238e641ffa24f3"
  integrity sha512-NV3cmW0oeR/Ccc+jqRhiNNEWS85NPRcN9huQlNPpY0p4zfokEdk/IbYuDeqjV/ZYgRNEc8Qajs19Y3e5SDmWgg==
  dependencies:
    "@d3fc/d3fc-axis" "^3.0.5"
    "@d3fc/d3fc-data-join" "^6.0.3"
    "@d3fc/d3fc-element" "^6.1.2"
    "@d3fc/d3fc-rebind" "^6.0.1"
    "@d3fc/d3fc-series" "^6.0.4"

"@d3fc/d3fc-data-join@^6.0.3":
  version "6.0.3"
  resolved "https://registry.yarnpkg.com/@d3fc/d3fc-data-join/-/d3fc-data-join-6.0.3.tgz#0e330f50f6e82f2a4c4d4cdc757ee44543398eb0"
  integrity sha512-fd1D2Cl4YGjzl3gBhcrvTl/VxaSncY0ZcokWsN8ahtmk9DZK4DnAgHGrdecnXVLkOx+ANDcqxqscYz6MWXLbcA==

"@d3fc/d3fc-discontinuous-scale@^4.0.1":
  version "4.0.2"
  resolved "https://registry.yarnpkg.com/@d3fc/d3fc-discontinuous-scale/-/d3fc-discontinuous-scale-4.0.2.tgz#b06d0be8e5b555a867bfe08347fe9135b3d933f7"
  integrity sha512-m1H/fL3BQmkytTjUNd0GVGE6KC0CEervrgRNnM5FluouycsbUCQPhiiN1CY1bRh8xcFDQx9vpOUU7DNCjiEbAQ==
  dependencies:
    "@d3fc/d3fc-rebind" "^6.0.1"

"@d3fc/d3fc-element@^6.1.2":
  version "6.1.2"
  resolved "https://registry.yarnpkg.com/@d3fc/d3fc-element/-/d3fc-element-6.1.2.tgz#0b9cb4cd988e12b61a135e244e343ed5aea6ff20"
  integrity sha512-1kBs0pzHTanLsDAL43xTSXD9htSQIs9huKTk9Fsse25kQN8tMM5YnUfYKdnyaF+o4qJ41FGX93ot7GHNQlk9AA==

"@d3fc/d3fc-extent@^4.0.2":
  version "4.0.2"
  resolved "https://registry.yarnpkg.com/@d3fc/d3fc-extent/-/d3fc-extent-4.0.2.tgz#3650422821eb69410f8be7a3597b102b7a04be4c"
  integrity sha512-m7w7Dof6KAIDtgzIsTcprWTEoiqExJGsGoQbb97bF+EwIkuEZWRUl1jkoeNL00efpX1o6zSdqSr6lojoR0aI/g==

"@d3fc/d3fc-financial-feed@^7.0.1":
  version "7.0.1"
  resolved "https://registry.yarnpkg.com/@d3fc/d3fc-financial-feed/-/d3fc-financial-feed-7.0.1.tgz#d39c7c28a96990fa41e02a4618504efa33504602"
  integrity sha512-vnfvMbvD3oBBjZSOvno6oSoHlzrDZXVjcFOWM0b84lGKlfElfPI6z8W23LHFFTUfy2dZX9MFHPNX0dMGqM2qmA==

"@d3fc/d3fc-group@^3.0.1":
  version "3.0.1"
  resolved "https://registry.yarnpkg.com/@d3fc/d3fc-group/-/d3fc-group-3.0.1.tgz#4ca75600c3505214cc953c20f20cea13b7538a08"
  integrity sha512-GBUR6a4hkqfSo77iaFS4qPMS5tupH8hmJ8eniiD45GFmWQs69+Dlf8Uhx+GCCvQkE+px6rQyZWVCJKBq6gkz2Q==

"@d3fc/d3fc-label-layout@^7.0.3":
  version "7.0.3"
  resolved "https://registry.yarnpkg.com/@d3fc/d3fc-label-layout/-/d3fc-label-layout-7.0.3.tgz#bd7dee92c299989387bd19ea4e07dac101aa8d91"
  integrity sha512-EqeUXO5o0yLYfRPXT9zChx4HLZjsd7DTzRhfiIIJAjqEQeFW9ALYrt85ggqxKWaM5BGjtaOFcHFBrOkd9b2AMQ==
  dependencies:
    "@d3fc/d3fc-data-join" "^6.0.3"
    "@d3fc/d3fc-rebind" "^6.0.1"

"@d3fc/d3fc-pointer@^3.0.2":
  version "3.0.2"
  resolved "https://registry.yarnpkg.com/@d3fc/d3fc-pointer/-/d3fc-pointer-3.0.2.tgz#4abaea184c6a36c2ce06b68adc5a36be73ad00bb"
  integrity sha512-GAODK7t+fwH2y/tQaQD0kUZMbrpY+Mu1duFixtthm7yvk1sKWQR9bic3Eh3YBp39lir0VzmHWQhjYNAFnRJERg==
  dependencies:
    "@d3fc/d3fc-rebind" "^6.0.1"

"@d3fc/d3fc-random-data@^4.0.1":
  version "4.0.1"
  resolved "https://registry.yarnpkg.com/@d3fc/d3fc-random-data/-/d3fc-random-data-4.0.1.tgz#0ac7f0429cb0523b9ccdc5d988c755e3c86f7c55"
  integrity sha512-tKSoImB8V+EKnuwh4K+RBfYWmczgKF+rvH9b3SeGEocw3DlK1SvAr2ZVhYkyFVaqJU5YciWqQfaW5MjVT/33FA==
  dependencies:
    "@d3fc/d3fc-rebind" "^6.0.1"

"@d3fc/d3fc-rebind@^6.0.1":
  version "6.0.1"
  resolved "https://registry.yarnpkg.com/@d3fc/d3fc-rebind/-/d3fc-rebind-6.0.1.tgz#b66e21d938893a92dd939e55e3147f24f46b652e"
  integrity sha512-+ryBZ53ALMffbADwnFAtTYQJcT7PE5BwpducGYS0X6Jux6ESnp+fP+cDQvBGbDBOVqaziGnfeLeJXjtMnZujmQ==

"@d3fc/d3fc-sample@^5.0.1":
  version "5.0.1"
  resolved "https://registry.yarnpkg.com/@d3fc/d3fc-sample/-/d3fc-sample-5.0.1.tgz#31ed8fc9be336db6f1d9fdc7aff76f5fdc1884da"
  integrity sha512-VJ4stSJDxcAhYhifiGE63MBVDPstx+yB3+JHuJt/qc8MjHSOC4NjrPpABNUS6qwfmOcQKbaRPN8urzJ+f5FCmg==
  dependencies:
    "@d3fc/d3fc-rebind" "^6.0.1"

"@d3fc/d3fc-series@^6.0.4":
  version "6.0.4"
  resolved "https://registry.yarnpkg.com/@d3fc/d3fc-series/-/d3fc-series-6.0.4.tgz#7dbaf94140692762fa665e9966eeb7bd2c895343"
  integrity sha512-DilhaYvWcPuEuIHZfTJgkcHtY+uRsLUbTcF4GhUlk4sb88V4G7YFiVym1aZwHLDozfOXftmlVqwYvPMb/69Vyw==
  dependencies:
    "@d3fc/d3fc-data-join" "^6.0.3"
    "@d3fc/d3fc-rebind" "^6.0.1"
    "@d3fc/d3fc-shape" "^6.0.1"
    "@d3fc/d3fc-webgl" "^3.1.0"

"@d3fc/d3fc-shape@^6.0.1":
  version "6.0.1"
  resolved "https://registry.yarnpkg.com/@d3fc/d3fc-shape/-/d3fc-shape-6.0.1.tgz#e9054f4c140b81d75ac02dfdfe4f913ab5161585"
  integrity sha512-/dD3S8BWrOjO2mSptUmwe38V7KG4Kw6liIE5NXZJjX/XidfZhuDu7WWuya3i90HeNYDZNcs6Z+4qM3FnvlZf8g==

"@d3fc/d3fc-technical-indicator@^8.0.1":
  version "8.0.1"
  resolved "https://registry.yarnpkg.com/@d3fc/d3fc-technical-indicator/-/d3fc-technical-indicator-8.0.1.tgz#88255f4420302f45e517df198df3e711514b7cc8"
  integrity sha512-0VEDHtcAGDTOVOrVdfPzk5I57H/eXF2O3DpzRn2nzWptg8OiOALdCiahKhZyX42wvlJjopuLCqZfTfJZGna6bw==
  dependencies:
    "@d3fc/d3fc-rebind" "^6.0.1"

"@d3fc/d3fc-webgl@^3.1.0":
  version "3.1.0"
  resolved "https://registry.yarnpkg.com/@d3fc/d3fc-webgl/-/d3fc-webgl-3.1.0.tgz#3569936c4b0ac12b9eb1c9f14c6de30473f4599b"
  integrity sha512-WHVqV7QYaxgExMU6nGGzHBLUDAva/SOogfzQv1A/qGGivGElFsPxeBAfZcnpnz2wsWDdnFLYqV16s16bIorTjg==
  dependencies:
    "@d3fc/d3fc-rebind" "^6.0.1"

"@d3fc/d3fc-zoom@^1.1.1":
  version "1.1.1"
  resolved "https://registry.yarnpkg.com/@d3fc/d3fc-zoom/-/d3fc-zoom-1.1.1.tgz#1edbfadafdaef675c802330c93c37627277fd599"
  integrity sha512-JLYcrdq9W0ZA0vwXcwOhsEkjzfpS+/3Ec3gt1sTJ6KZmILyL+3HCem9y5MeGrns1rBi+9IyMMY2SwOOSJpMGcg==
  dependencies:
    "@d3fc/d3fc-rebind" "^6.0.1"

"@types/chart.js@^2.9.29":
  version "2.9.29"
  resolved "https://registry.yarnpkg.com/@types/chart.js/-/chart.js-2.9.29.tgz#73bf7f02387402943f29946012492f10bde7ed43"
  integrity sha512-WOZMitUU3gHDM0oQsCsVivX+oDsIki93szcTmmUPBm39cCvAELBjokjSDVOoA3xiIEbb+jp17z/3S2tIqruwOQ==
  dependencies:
    moment "^2.10.2"

"@types/chroma-js@^2.1.3":
  version "2.1.3"
  resolved "https://registry.yarnpkg.com/@types/chroma-js/-/chroma-js-2.1.3.tgz#0b03d737ff28fad10eb884e0c6cedd5ffdc4ba0a"
  integrity sha512-1xGPhoSGY1CPmXLCBcjVZSQinFjL26vlR8ZqprsBWiFyED4JacJJ9zHhh5aaUXqbY9B37mKQ73nlydVAXmr1+g==

"@types/d3-array@*":
  version "2.8.0"
  resolved "https://registry.yarnpkg.com/@types/d3-array/-/d3-array-2.8.0.tgz#4b70ccb0c6d2ef28dac1e7e653b3ecd1f4b1d1ee"
  integrity sha512-Q0ubcGHAmCRPh90/hoYB4eKWhxYKUxphwSeQrlz2tiabQ8S9zqhaE2CZJtCaLH2cjqKcjr52WPvmOA7ha0O4ZA==

"@types/d3-axis@*":
  version "2.0.0"
  resolved "https://registry.yarnpkg.com/@types/d3-axis/-/d3-axis-2.0.0.tgz#a3e7534d3c399c20ba42ec3093dd2a385659366e"
  integrity sha512-gUdlEwGBLl3tXGiBnBNmNzph9W3bCfa4tBgWZD60Z1eDQKTY4zyCAcZ3LksignGfKawYatmDYcBdjJ5h/54sqA==
  dependencies:
    "@types/d3-selection" "*"

"@types/d3-brush@*":
  version "2.1.0"
  resolved "https://registry.yarnpkg.com/@types/d3-brush/-/d3-brush-2.1.0.tgz#c51ad1ab93887b23be7637d2100540f1df0dac00"
  integrity sha512-rLQqxQeXWF4ArXi81GlV8HBNwJw9EDpz0jcWvvzv548EDE4tXrayBTOHYi/8Q4FZ/Df8PGXFzxpAVQmJMjOtvQ==
  dependencies:
    "@types/d3-selection" "*"

"@types/d3-chord@*":
  version "2.0.0"
  resolved "https://registry.yarnpkg.com/@types/d3-chord/-/d3-chord-2.0.0.tgz#8d7085e2828418f2c5087e512f276559499bacfd"
  integrity sha512-3nHsLY7lImpZlM/hrPeDqqW2a+lRXXoHsG54QSurDGihZAIE/doQlohs0evoHrWOJqXyn4A4xbSVEtXnMEZZiw==

"@types/d3-color@*":
  version "2.0.1"
  resolved "https://registry.yarnpkg.com/@types/d3-color/-/d3-color-2.0.1.tgz#570ea7f8b853461301804efa52bd790a640a26db"
  integrity sha512-u7LTCL7RnaavFSmob2rIAJLNwu50i6gFwY9cHFr80BrQURYQBRkJ+Yv47nA3Fm7FeRhdWTiVTeqvSeOuMAOzBQ==

"@types/d3-contour@*":
  version "2.0.0"
  resolved "https://registry.yarnpkg.com/@types/d3-contour/-/d3-contour-2.0.0.tgz#6e079f281b29a8df3fcbd3ec193f2cf1d0b4a584"
  integrity sha512-PS9UO6zBQqwHXsocbpdzZFONgK1oRUgWtjjh/iz2vM06KaXLInLiKZ9e3OLBRerc1cU2uJYpO+8zOnb6frvCGQ==
  dependencies:
    "@types/d3-array" "*"
    "@types/geojson" "*"

"@types/d3-delaunay@*":
  version "5.3.0"
  resolved "https://registry.yarnpkg.com/@types/d3-delaunay/-/d3-delaunay-5.3.0.tgz#416169bb5c67a510c87b55d092a404fcab49def3"
  integrity sha512-gJYcGxLu0xDZPccbUe32OUpeaNtd1Lz0NYJtko6ZLMyG2euF4pBzrsQXms67LHZCDFzzszw+dMhSL/QAML3bXw==

"@types/d3-dispatch@*":
  version "2.0.0"
  resolved "https://registry.yarnpkg.com/@types/d3-dispatch/-/d3-dispatch-2.0.0.tgz#1f8803041b73b81f2c751e026b7bb63dd5f24ce0"
  integrity sha512-Sh0KW6z/d7uxssD7K4s4uCSzlEG/+SP+U47q098NVdOfFvUKNTvKAIV4XqjxsUuhE/854ARAREHOxkr9gQOCyg==

"@types/d3-drag@*":
  version "2.0.0"
  resolved "https://registry.yarnpkg.com/@types/d3-drag/-/d3-drag-2.0.0.tgz#ef66acc422576fbe10b8bd66af45a9fb8525199a"
  integrity sha512-VaUJPjbMnDn02tcRqsHLRAX5VjcRIzCjBfeXTLGe6QjMn5JccB5Cz4ztMRXMJfkbC45ovgJFWuj6DHvWMX1thA==
  dependencies:
    "@types/d3-selection" "*"

"@types/d3-dsv@*":
  version "2.0.0"
  resolved "https://registry.yarnpkg.com/@types/d3-dsv/-/d3-dsv-2.0.0.tgz#c9fb8b2f0f7168d21a6bbd29492141bfd1b8db16"
  integrity sha512-wYqy7T8tQ/DmocwxmlPujllLI5fg3lb6/FrVVWkLUD+NsRV+kcE4nbRZg10G9yjJ8pK2ZXqu+VP5jQbN13uNRQ==

"@types/d3-ease@*":
  version "2.0.0"
  resolved "https://registry.yarnpkg.com/@types/d3-ease/-/d3-ease-2.0.0.tgz#798cbd9908d26cfe9f1a295a3a75164da9a3666e"
  integrity sha512-6aZrTyX5LG+ptofVHf+gTsThLRY1nhLotJjgY4drYqk1OkJMu2UvuoZRlPw2fffjRHeYepue3/fxTufqKKmvsA==

"@types/d3-fetch@*":
  version "2.0.0"
  resolved "https://registry.yarnpkg.com/@types/d3-fetch/-/d3-fetch-2.0.0.tgz#580846256ed0011b36a08ebb36924e0dff70e27e"
  integrity sha512-WnLepGtxepFfXRdPI8I5FTgNiHn9p4vMTTqaNCzJJfAswXx0rOY2jjeolzEU063em3iJmGZ+U79InnEeFOrCRw==
  dependencies:
    "@types/d3-dsv" "*"

"@types/d3-force@*":
  version "2.1.0"
  resolved "https://registry.yarnpkg.com/@types/d3-force/-/d3-force-2.1.0.tgz#6a2210f04d02a0862c6b069de91bad904143e7b5"
  integrity sha512-LGDtC2YADu8OBniq9EBx/MOsXsMcJbEkmfSpXuz6oVdRamB+3CLCiq5EKFPEILGZQckkilGFq1ZTJ7kc289k+Q==

"@types/d3-format@*":
  version "2.0.0"
  resolved "https://registry.yarnpkg.com/@types/d3-format/-/d3-format-2.0.0.tgz#607d261cb268f0a027f100575491031539a40ee6"
  integrity sha512-uagdkftxnGkO4pZw5jEYOM5ZnZOEsh7z8j11Qxk85UkB2RzfUUxRl7R9VvvJZHwKn8l+x+rpS77Nusq7FkFmIg==

"@types/d3-geo@*":
  version "2.0.0"
  resolved "https://registry.yarnpkg.com/@types/d3-geo/-/d3-geo-2.0.0.tgz#6f179512343c2d30e06acde190abfacf44b2d264"
  integrity sha512-DHHgYXW36lnAEQMYU2udKVOxxljHrn2EdOINeSC9jWCAXwOnGn7A19B8sNsHqgpu4F7O2bSD7//cqBXD3W0Deg==
  dependencies:
    "@types/geojson" "*"

"@types/d3-hierarchy@*":
  version "2.0.0"
  resolved "https://registry.yarnpkg.com/@types/d3-hierarchy/-/d3-hierarchy-2.0.0.tgz#92079d9dbcec1dfe2736fb050a8bf916e5850a1c"
  integrity sha512-YxdskUvwzqggpnSnDQj4KVkicgjpkgXn/g/9M9iGsiToLS3nG6Ytjo1FoYhYVAAElV/fJBGVL3cQ9Hb7tcv+lw==

"@types/d3-interpolate@*":
  version "2.0.0"
  resolved "https://registry.yarnpkg.com/@types/d3-interpolate/-/d3-interpolate-2.0.0.tgz#325029216dc722c1c68c33ccda759f1209d35823"
  integrity sha512-Wt1v2zTlEN8dSx8hhx6MoOhWQgTkz0Ukj7owAEIOF2QtI0e219paFX9rf/SLOr/UExWb1TcUzatU8zWwFby6gg==
  dependencies:
    "@types/d3-color" "*"

"@types/d3-path@*":
  version "2.0.0"
  resolved "https://registry.yarnpkg.com/@types/d3-path/-/d3-path-2.0.0.tgz#dcc7f5ecadf52b0c0c39f6c1def3733195e4b199"
  integrity sha512-tXcR/9OtDdeCIsyl6eTNHC3XOAOdyc6ceF3QGBXOd9jTcK+ex/ecr00p9L9362e/op3UEPpxrToi1FHrtTSj7Q==

"@types/d3-path@^1":
  version "1.0.9"
  resolved "https://registry.yarnpkg.com/@types/d3-path/-/d3-path-1.0.9.tgz#73526b150d14cd96e701597cbf346cfd1fd4a58c"
  integrity sha512-NaIeSIBiFgSC6IGUBjZWcscUJEq7vpVu7KthHN8eieTV9d9MqkSOZLH4chq1PmcKy06PNe3axLeKmRIyxJ+PZQ==

"@types/d3-polygon@*":
  version "2.0.0"
  resolved "https://registry.yarnpkg.com/@types/d3-polygon/-/d3-polygon-2.0.0.tgz#8b1df0a1358016e62c4961b01e8dc8e5ab4c64e5"
  integrity sha512-fISnMd8ePED1G4aa4V974Jmt+ajHSgPoxMa2D0ULxMybpx0Vw4WEzhQEaMIrL3hM8HVRcKTx669I+dTy/4PhAw==

"@types/d3-quadtree@*":
  version "2.0.0"
  resolved "https://registry.yarnpkg.com/@types/d3-quadtree/-/d3-quadtree-2.0.0.tgz#b17e953dc061e083966075bba0d3a9a259812150"
  integrity sha512-YZuJuGBnijD0H+98xMJD4oZXgv/umPXy5deu3IimYTPGH3Kr8Th6iQUff0/6S80oNBD7KtOuIHwHUCymUiRoeQ==

"@types/d3-random@*":
  version "2.2.0"
  resolved "https://registry.yarnpkg.com/@types/d3-random/-/d3-random-2.2.0.tgz#fc44cabb966917459490b758f31f5359adeabe5b"
  integrity sha512-Hjfj9m68NmYZzushzEG7etPvKH/nj9b9s9+qtkNG3/dbRBjQZQg1XS6nRuHJcCASTjxXlyXZnKu2gDxyQIIu9A==

"@types/d3-scale-chromatic@*":
  version "2.0.0"
  resolved "https://registry.yarnpkg.com/@types/d3-scale-chromatic/-/d3-scale-chromatic-2.0.0.tgz#8d4a6f07cbbf2a9f2a4bec9c9476c27ed76a96ea"
  integrity sha512-Y62+2clOwZoKua84Ha0xU77w7lePiaBoTjXugT4l8Rd5LAk+Mn/ZDtrgs087a+B5uJ3jYUHHtKw5nuEzp0WBHw==

"@types/d3-scale@*":
  version "3.2.2"
  resolved "https://registry.yarnpkg.com/@types/d3-scale/-/d3-scale-3.2.2.tgz#5e28d0b1c599328aaec6094219f10a2570be6d74"
  integrity sha512-qpQe8G02tzUwt9sdWX1h8A/W0Q1+N48wMnYXVOkrzeLUkCfvzJYV9Ee3aORCS4dN4ONRLFmMvaXdziQ29XGLjQ==
  dependencies:
    "@types/d3-time" "*"

"@types/d3-selection@*":
  version "2.0.0"
  resolved "https://registry.yarnpkg.com/@types/d3-selection/-/d3-selection-2.0.0.tgz#59df94a8e47ed1050a337d4ffb4d4d213aa590a8"
  integrity sha512-EF0lWZ4tg7oDFg4YQFlbOU3936e3a9UmoQ2IXlBy1+cv2c2Pv7knhKUzGlH5Hq2sF/KeDTH1amiRPey2rrLMQA==

"@types/d3-shape@*":
  version "2.0.0"
  resolved "https://registry.yarnpkg.com/@types/d3-shape/-/d3-shape-2.0.0.tgz#61aa065726f3c2641aedc59c3603475ab11aeb2f"
  integrity sha512-NLzD02m5PiD1KLEDjLN+MtqEcFYn4ZL9+Rqc9ZwARK1cpKZXd91zBETbe6wpBB6Ia0D0VZbpmbW3+BsGPGnCpA==
  dependencies:
    "@types/d3-path" "^1"

"@types/d3-time-format@*":
  version "3.0.0"
  resolved "https://registry.yarnpkg.com/@types/d3-time-format/-/d3-time-format-3.0.0.tgz#913e984362a59792dc8d8b122dd17625991eade2"
  integrity sha512-UpLg1mn/8PLyjr+J/JwdQJM/GzysMvv2CS8y+WYAL5K0+wbvXv/pPSLEfdNaprCZsGcXTxPsFMy8QtkYv9ueew==

"@types/d3-time@*":
  version "2.0.0"
  resolved "https://registry.yarnpkg.com/@types/d3-time/-/d3-time-2.0.0.tgz#831dd093db91f16b83ba980e194bb8e4bcef44d6"
  integrity sha512-Abz8bTzy8UWDeYs9pCa3D37i29EWDjNTjemdk0ei1ApYVNqulYlGUKip/jLOpogkPSsPz/GvZCYiC7MFlEk0iQ==

"@types/d3-timer@*":
  version "2.0.0"
  resolved "https://registry.yarnpkg.com/@types/d3-timer/-/d3-timer-2.0.0.tgz#9901bb02af38798764674df17d66b07329705632"
  integrity sha512-l6stHr1VD1BWlW6u3pxrjLtJfpPZq9I3XmKIQtq7zHM/s6fwEtI1Yn6Sr5/jQTrUDCC5jkS6gWqlFGCDArDqNg==

"@types/d3-transition@*":
  version "2.0.0"
  resolved "https://registry.yarnpkg.com/@types/d3-transition/-/d3-transition-2.0.0.tgz#6f073f0b567c13b7a3dcd1d54214c89f48c5a873"
  integrity sha512-UJDzI98utcZQUJt3uIit/Ho0/eBIANzrWJrTmi4+TaKIyWL2iCu7ShP0o4QajCskhyjOA7C8+4CE3b1YirTzEQ==
  dependencies:
    "@types/d3-selection" "*"

"@types/d3-zoom@*":
  version "2.0.0"
  resolved "https://registry.yarnpkg.com/@types/d3-zoom/-/d3-zoom-2.0.0.tgz#ef8b87464e8ebc7c66b70f6383d1ae841e78e7fc"
  integrity sha512-daL0PJm4yT0ISTGa7p2lHX0kvv9FO/IR1ooWbHR/7H4jpbaKiLux5FslyS/OvISPiJ5SXb4sOqYhO6fMB6hKRw==
  dependencies:
    "@types/d3-interpolate" "*"
    "@types/d3-selection" "*"

"@types/d3@^6.2.0":
  version "6.2.0"
  resolved "https://registry.yarnpkg.com/@types/d3/-/d3-6.2.0.tgz#db3c70ad6479cf79b15840a3d15338a9754384e7"
  integrity sha512-XhQ6sCTu+CrFLqJMsg/uRPZQrt5FlCPjPE/wvsSBYoaOZ9C1chdJSS9+2oR8+Xtk6DKGewa7/UP5icJRwAryEA==
  dependencies:
    "@types/d3-array" "*"
    "@types/d3-axis" "*"
    "@types/d3-brush" "*"
    "@types/d3-chord" "*"
    "@types/d3-color" "*"
    "@types/d3-contour" "*"
    "@types/d3-delaunay" "*"
    "@types/d3-dispatch" "*"
    "@types/d3-drag" "*"
    "@types/d3-dsv" "*"
    "@types/d3-ease" "*"
    "@types/d3-fetch" "*"
    "@types/d3-force" "*"
    "@types/d3-format" "*"
    "@types/d3-geo" "*"
    "@types/d3-hierarchy" "*"
    "@types/d3-interpolate" "*"
    "@types/d3-path" "*"
    "@types/d3-polygon" "*"
    "@types/d3-quadtree" "*"
    "@types/d3-random" "*"
    "@types/d3-scale" "*"
    "@types/d3-scale-chromatic" "*"
    "@types/d3-selection" "*"
    "@types/d3-shape" "*"
    "@types/d3-time" "*"
    "@types/d3-time-format" "*"
    "@types/d3-timer" "*"
    "@types/d3-transition" "*"
    "@types/d3-zoom" "*"

"@types/geojson@*":
  version "7946.0.7"
  resolved "https://registry.yarnpkg.com/@types/geojson/-/geojson-7946.0.7.tgz#c8fa532b60a0042219cdf173ca21a975ef0666ad"
  integrity sha512-wE2v81i4C4Ol09RtsWFAqg3BUitWbHSpSlIo+bNdsCJijO9sjme+zm+73ZMCa/qMC8UEERxzGbvmr1cffo2SiQ==

"@types/mathjax@^0.0.36":
  version "0.0.36"
  resolved "https://registry.yarnpkg.com/@types/mathjax/-/mathjax-0.0.36.tgz#18cf766f88ac0cd4e7ee8282b1286049bb6aa682"
  integrity sha512-TqDJc2GWuTqd/m+G/FbNkN+/TF2OCCHvcawmhIrUaZkdVquMdNZmNiNUkupNg9qctorXXkVLVSogZv1DhmgLmg==

"@types/mathjs@^6.0.9":
  version "6.0.9"
  resolved "https://registry.yarnpkg.com/@types/mathjs/-/mathjs-6.0.9.tgz#39d05a208565295427565f7b6f148d1e1a59fcd9"
  integrity sha512-u93l9ZU0DhbT+gGtrP12/jPhx/X2eshLiv1if97qC7Nuld4/kxS+1WoyIM7NC5b5XiwvATWDTHsI8LvcPBWxcA==
  dependencies:
    decimal.js "^10.0.0"

chart.js@^2.9.4:
  version "2.9.4"
  resolved "https://registry.yarnpkg.com/chart.js/-/chart.js-2.9.4.tgz#0827f9563faffb2dc5c06562f8eb10337d5b9684"
  integrity sha512-B07aAzxcrikjAPyV+01j7BmOpxtQETxTSlQ26BEYJ+3iUkbNKaOJ/nDbT6JjyqYxseM0ON12COHYdU2cTIjC7A==
  dependencies:
    chartjs-color "^2.1.0"
    moment "^2.10.2"

chartjs-color-string@^0.6.0:
  version "0.6.0"
  resolved "https://registry.yarnpkg.com/chartjs-color-string/-/chartjs-color-string-0.6.0.tgz#1df096621c0e70720a64f4135ea171d051402f71"
  integrity sha512-TIB5OKn1hPJvO7JcteW4WY/63v6KwEdt6udfnDE9iCAZgy+V4SrbSxoIbTw/xkUIapjEI4ExGtD0+6D3KyFd7A==
  dependencies:
    color-name "^1.0.0"

chartjs-color@^2.1.0:
  version "2.4.1"
  resolved "https://registry.yarnpkg.com/chartjs-color/-/chartjs-color-2.4.1.tgz#6118bba202fe1ea79dd7f7c0f9da93467296c3b0"
  integrity sha512-haqOg1+Yebys/Ts/9bLo/BqUcONQOdr/hoEr2LLTRl6C5LXctUdHxsCYfvQVg5JIxITrfCNUDr4ntqmQk9+/0w==
  dependencies:
    chartjs-color-string "^0.6.0"
    color-convert "^1.9.3"

chroma-js@^2.1.0:
  version "2.1.0"
  resolved "https://registry.yarnpkg.com/chroma-js/-/chroma-js-2.1.0.tgz#c0be48a21fe797ef8965608c1c4f911ef2da49d5"
  integrity sha512-uiRdh4ZZy+UTPSrAdp8hqEdVb1EllLtTHOt5TMaOjJUvi+O54/83Fc5K2ld1P+TJX+dw5B+8/sCgzI6eaur/lg==
  dependencies:
    cross-env "^6.0.3"

color-convert@^1.9.3:
  version "1.9.3"
  resolved "https://registry.yarnpkg.com/color-convert/-/color-convert-1.9.3.tgz#bb71850690e1f136567de629d2d5471deda4c1e8"
  integrity sha512-QfAUtd+vFdAtFQcC8CCyYt1fYWxSqAiK2cSD6zDB8N3cpsEBAvRxp9zOGg6G/SHHJYAT88/az/IuDGALsNVbGg==
  dependencies:
    color-name "1.1.3"

color-name@1.1.3:
  version "1.1.3"
  resolved "https://registry.yarnpkg.com/color-name/-/color-name-1.1.3.tgz#a7d0558bd89c42f795dd42328f740831ca53bc25"
  integrity sha1-p9BVi9icQveV3UIyj3QIMcpTvCU=

color-name@^1.0.0:
  version "1.1.4"
  resolved "https://registry.yarnpkg.com/color-name/-/color-name-1.1.4.tgz#c2a09a87acbde69543de6f63fa3995c826c536a2"
  integrity sha512-dOy+3AuW3a2wNbZHIuMZpTcgjGuLU/uBL/ubcZF9OXbDo8ff4O8yVp5Bf0efS8uEoYo5q4Fx7dY9OgQGXgAsQA==

commander@2:
  version "2.20.3"
  resolved "https://registry.yarnpkg.com/commander/-/commander-2.20.3.tgz#fd485e84c03eb4881c20722ba48035e8531aeb33"
  integrity sha512-GpVkmM8vF2vQUkj2LvZmD35JxeJOLCwJ9cUkugyk2nuhbv3+mJvpLYYt+0+USMxE+oj+ey/lJEnhZw75x/OMcQ==

complex.js@^2.0.11:
  version "2.0.11"
  resolved "https://registry.yarnpkg.com/complex.js/-/complex.js-2.0.11.tgz#09a873fbf15ffd8c18c9c2201ccef425c32b8bf1"
  integrity sha512-6IArJLApNtdg1P1dFtn3dnyzoZBEF0MwMnrfF1exSBRpZYoy4yieMkpZhQDC0uwctw48vii0CFVyHfpgZ/DfGw==

cross-env@^6.0.3:
  version "6.0.3"
  resolved "https://registry.yarnpkg.com/cross-env/-/cross-env-6.0.3.tgz#4256b71e49b3a40637a0ce70768a6ef5c72ae941"
  integrity sha512-+KqxF6LCvfhWvADcDPqo64yVIB31gv/jQulX2NGzKS/g3GEVz6/pt4wjHFtFWsHMddebWD/sDthJemzM4MaAag==
  dependencies:
    cross-spawn "^7.0.0"

cross-spawn@^7.0.0:
  version "7.0.3"
  resolved "https://registry.yarnpkg.com/cross-spawn/-/cross-spawn-7.0.3.tgz#f73a85b9d5d41d045551c177e2882d4ac85728a6"
  integrity sha512-iRDPJKUPVEND7dHPO8rkbOnPpyDygcDFtWjpeWNCgy8WP2rXcxXL8TskReQl6OrB2G7+UJrags1q15Fudc7G6w==
  dependencies:
    path-key "^3.1.0"
    shebang-command "^2.0.0"
    which "^2.0.1"

d3-array@2, d3-array@>=2.5, d3-array@^2.3.0:
  version "2.9.1"
  resolved "https://registry.yarnpkg.com/d3-array/-/d3-array-2.9.1.tgz#f355cc72b46c8649b3f9212029e2d681cb5b9643"
  integrity sha512-Ob7RdOtkqsjx1NWyQHMFLtCSk6/aKTxDdC4ZIolX+O+mDD2RzrsYgAyc0WGAlfYFVELLSilS7w8BtE3PKM8bHg==

d3-axis@2:
  version "2.0.0"
  resolved "https://registry.yarnpkg.com/d3-axis/-/d3-axis-2.0.0.tgz#40aebb65626ffe6d95e9441fbf9194274b328a8b"
  integrity sha512-9nzB0uePtb+u9+dWir+HTuEAKJOEUYJoEwbJPsZ1B4K3iZUgzJcSENQ05Nj7S4CIfbZZ8/jQGoUzGKFznBhiiQ==

d3-brush@2:
  version "2.1.0"
  resolved "https://registry.yarnpkg.com/d3-brush/-/d3-brush-2.1.0.tgz#adadfbb104e8937af142e9a6e2028326f0471065"
  integrity sha512-cHLLAFatBATyIKqZOkk/mDHUbzne2B3ZwxkzMHvFTCZCmLaXDpZRihQSn8UNXTkGD/3lb/W2sQz0etAftmHMJQ==
  dependencies:
    d3-dispatch "1 - 2"
    d3-drag "2"
    d3-interpolate "1 - 2"
    d3-selection "2"
    d3-transition "2"

d3-chord@2:
  version "2.0.0"
  resolved "https://registry.yarnpkg.com/d3-chord/-/d3-chord-2.0.0.tgz#32491b5665391180560f738e5c1ccd1e3c47ebae"
  integrity sha512-D5PZb7EDsRNdGU4SsjQyKhja8Zgu+SHZfUSO5Ls8Wsn+jsAKUUGkcshLxMg9HDFxG3KqavGWaWkJ8EpU8ojuig==
  dependencies:
    d3-path "1 - 2"

"d3-color@1 - 2", d3-color@2:
  version "2.0.0"
  resolved "https://registry.yarnpkg.com/d3-color/-/d3-color-2.0.0.tgz#8d625cab42ed9b8f601a1760a389f7ea9189d62e"
  integrity sha512-SPXi0TSKPD4g9tw0NMZFnR95XVgUZiBH+uUTqQuDu1OsE2zomHU7ho0FISciaPvosimixwHFl3WHLGabv6dDgQ==

d3-contour@2:
  version "2.0.0"
  resolved "https://registry.yarnpkg.com/d3-contour/-/d3-contour-2.0.0.tgz#80ee834988563e3bea9d99ddde72c0f8c089ea40"
  integrity sha512-9unAtvIaNk06UwqBmvsdHX7CZ+NPDZnn8TtNH1myW93pWJkhsV25JcgnYAu0Ck5Veb1DHiCv++Ic5uvJ+h50JA==
  dependencies:
    d3-array "2"

d3-delaunay@5:
  version "5.3.0"
  resolved "https://registry.yarnpkg.com/d3-delaunay/-/d3-delaunay-5.3.0.tgz#b47f05c38f854a4e7b3cea80e0bb12e57398772d"
  integrity sha512-amALSrOllWVLaHTnDLHwMIiz0d1bBu9gZXd1FiLfXf8sHcX9jrcj81TVZOqD4UX7MgBZZ07c8GxzEgBpJqc74w==
  dependencies:
    delaunator "4"

"d3-dispatch@1 - 2", d3-dispatch@2:
  version "2.0.0"
  resolved "https://registry.yarnpkg.com/d3-dispatch/-/d3-dispatch-2.0.0.tgz#8a18e16f76dd3fcaef42163c97b926aa9b55e7cf"
  integrity sha512-S/m2VsXI7gAti2pBoLClFFTMOO1HTtT0j99AuXLoGFKO6deHDdnv6ZGTxSTTUTgO1zVcv82fCOtDjYK4EECmWA==

d3-drag@2:
  version "2.0.0"
  resolved "https://registry.yarnpkg.com/d3-drag/-/d3-drag-2.0.0.tgz#9eaf046ce9ed1c25c88661911c1d5a4d8eb7ea6d"
  integrity sha512-g9y9WbMnF5uqB9qKqwIIa/921RYWzlUDv9Jl1/yONQwxbOfszAWTCm8u7HOTgJgRDXiRZN56cHT9pd24dmXs8w==
  dependencies:
    d3-dispatch "1 - 2"
    d3-selection "2"

"d3-dsv@1 - 2", d3-dsv@2:
  version "2.0.0"
  resolved "https://registry.yarnpkg.com/d3-dsv/-/d3-dsv-2.0.0.tgz#b37b194b6df42da513a120d913ad1be22b5fe7c5"
  integrity sha512-E+Pn8UJYx9mViuIUkoc93gJGGYut6mSDKy2+XaPwccwkRGlR+LO97L2VCCRjQivTwLHkSnAJG7yo00BWY6QM+w==
  dependencies:
    commander "2"
    iconv-lite "0.4"
    rw "1"

"d3-ease@1 - 2", d3-ease@2:
  version "2.0.0"
  resolved "https://registry.yarnpkg.com/d3-ease/-/d3-ease-2.0.0.tgz#fd1762bfca00dae4bacea504b1d628ff290ac563"
  integrity sha512-68/n9JWarxXkOWMshcT5IcjbB+agblQUaIsbnXmrzejn2O82n3p2A9R2zEB9HIEFWKFwPAEDDN8gR0VdSAyyAQ==

d3-fetch@2:
  version "2.0.0"
  resolved "https://registry.yarnpkg.com/d3-fetch/-/d3-fetch-2.0.0.tgz#ecd7ef2128d9847a3b41b548fec80918d645c064"
  integrity sha512-TkYv/hjXgCryBeNKiclrwqZH7Nb+GaOwo3Neg24ZVWA3MKB+Rd+BY84Nh6tmNEMcjUik1CSUWjXYndmeO6F7sw==
  dependencies:
    d3-dsv "1 - 2"

d3-force@2:
  version "2.1.1"
  resolved "https://registry.yarnpkg.com/d3-force/-/d3-force-2.1.1.tgz#f20ccbf1e6c9e80add1926f09b51f686a8bc0937"
  integrity sha512-nAuHEzBqMvpFVMf9OX75d00OxvOXdxY+xECIXjW6Gv8BRrXu6gAWbv/9XKrvfJ5i5DCokDW7RYE50LRoK092ew==
  dependencies:
    d3-dispatch "1 - 2"
    d3-quadtree "1 - 2"
    d3-timer "1 - 2"

"d3-format@1 - 2", d3-format@2:
  version "2.0.0"
  resolved "https://registry.yarnpkg.com/d3-format/-/d3-format-2.0.0.tgz#a10bcc0f986c372b729ba447382413aabf5b0767"
  integrity sha512-Ab3S6XuE/Q+flY96HXT0jOXcM4EAClYFnRGY5zsjRGNy6qCYrQsMffs7cV5Q9xejb35zxW5hf/guKw34kvIKsA==

d3-geo@2:
  version "2.0.1"
  resolved "https://registry.yarnpkg.com/d3-geo/-/d3-geo-2.0.1.tgz#2437fdfed3fe3aba2812bd8f30609cac83a7ee39"
  integrity sha512-M6yzGbFRfxzNrVhxDJXzJqSLQ90q1cCyb3EWFZ1LF4eWOBYxFypw7I/NFVBNXKNqxv1bqLathhYvdJ6DC+th3A==
  dependencies:
    d3-array ">=2.5"

d3-hierarchy@2:
  version "2.0.0"
  resolved "https://registry.yarnpkg.com/d3-hierarchy/-/d3-hierarchy-2.0.0.tgz#dab88a58ca3e7a1bc6cab390e89667fcc6d20218"
  integrity sha512-SwIdqM3HxQX2214EG9GTjgmCc/mbSx4mQBn+DuEETubhOw6/U3fmnji4uCVrmzOydMHSO1nZle5gh6HB/wdOzw==

"d3-interpolate@1 - 2", "d3-interpolate@1.2.0 - 2", d3-interpolate@2:
  version "2.0.1"
  resolved "https://registry.yarnpkg.com/d3-interpolate/-/d3-interpolate-2.0.1.tgz#98be499cfb8a3b94d4ff616900501a64abc91163"
  integrity sha512-c5UhwwTs/yybcmTpAVqwSFl6vrQ8JZJoT5F7xNFK9pymv5C0Ymcc9/LIJHtYIggg/yS9YHw8i8O8tgb9pupjeQ==
  dependencies:
    d3-color "1 - 2"

"d3-path@1 - 2", d3-path@2:
  version "2.0.0"
  resolved "https://registry.yarnpkg.com/d3-path/-/d3-path-2.0.0.tgz#55d86ac131a0548adae241eebfb56b4582dd09d8"
  integrity sha512-ZwZQxKhBnv9yHaiWd6ZU4x5BtCQ7pXszEV9CU6kRgwIQVQGLMv1oiL4M+MK/n79sYzsj+gcgpPQSctJUsLN7fA==

d3-polygon@2:
  version "2.0.0"
  resolved "https://registry.yarnpkg.com/d3-polygon/-/d3-polygon-2.0.0.tgz#13608ef042fbec625ba1598327564f03c0396d8e"
  integrity sha512-MsexrCK38cTGermELs0cO1d79DcTsQRN7IWMJKczD/2kBjzNXxLUWP33qRF6VDpiLV/4EI4r6Gs0DAWQkE8pSQ==

"d3-quadtree@1 - 2", d3-quadtree@2:
  version "2.0.0"
  resolved "https://registry.yarnpkg.com/d3-quadtree/-/d3-quadtree-2.0.0.tgz#edbad045cef88701f6fee3aee8e93fb332d30f9d"
  integrity sha512-b0Ed2t1UUalJpc3qXzKi+cPGxeXRr4KU9YSlocN74aTzp6R/Ud43t79yLLqxHRWZfsvWXmbDWPpoENK1K539xw==

d3-random@2:
  version "2.2.2"
  resolved "https://registry.yarnpkg.com/d3-random/-/d3-random-2.2.2.tgz#5eebd209ef4e45a2b362b019c1fb21c2c98cbb6e"
  integrity sha512-0D9P8TRj6qDAtHhRQn6EfdOtHMfsUWanl3yb/84C4DqpZ+VsgfI5iTVRNRbELCfNvRfpMr8OrqqUTQ6ANGCijw==

d3-scale-chromatic@2:
  version "2.0.0"
  resolved "https://registry.yarnpkg.com/d3-scale-chromatic/-/d3-scale-chromatic-2.0.0.tgz#c13f3af86685ff91323dc2f0ebd2dabbd72d8bab"
  integrity sha512-LLqy7dJSL8yDy7NRmf6xSlsFZ6zYvJ4BcWFE4zBrOPnQERv9zj24ohnXKRbyi9YHnYV+HN1oEO3iFK971/gkzA==
  dependencies:
    d3-color "1 - 2"
    d3-interpolate "1 - 2"

d3-scale@3:
  version "3.2.3"
  resolved "https://registry.yarnpkg.com/d3-scale/-/d3-scale-3.2.3.tgz#be380f57f1f61d4ff2e6cbb65a40593a51649cfd"
  integrity sha512-8E37oWEmEzj57bHcnjPVOBS3n4jqakOeuv1EDdQSiSrYnMCBdMd3nc4HtKk7uia8DUHcY/CGuJ42xxgtEYrX0g==
  dependencies:
    d3-array "^2.3.0"
    d3-format "1 - 2"
    d3-interpolate "1.2.0 - 2"
    d3-time "1 - 2"
    d3-time-format "2 - 3"

d3-selection@2:
  version "2.0.0"
  resolved "https://registry.yarnpkg.com/d3-selection/-/d3-selection-2.0.0.tgz#94a11638ea2141b7565f883780dabc7ef6a61066"
  integrity sha512-XoGGqhLUN/W14NmaqcO/bb1nqjDAw5WtSYb2X8wiuQWvSZUsUVYsOSkOybUrNvcBjaywBdYPy03eXHMXjk9nZA==

d3-shape@2:
  version "2.0.0"
  resolved "https://registry.yarnpkg.com/d3-shape/-/d3-shape-2.0.0.tgz#2331b62fa784a2a1daac47a7233cfd69301381fd"
  integrity sha512-djpGlA779ua+rImicYyyjnOjeubyhql1Jyn1HK0bTyawuH76UQRWXd+pftr67H6Fa8hSwetkgb/0id3agKWykw==
  dependencies:
    d3-path "1 - 2"

"d3-time-format@2 - 3", d3-time-format@3:
  version "3.0.0"
  resolved "https://registry.yarnpkg.com/d3-time-format/-/d3-time-format-3.0.0.tgz#df8056c83659e01f20ac5da5fdeae7c08d5f1bb6"
  integrity sha512-UXJh6EKsHBTjopVqZBhFysQcoXSv/5yLONZvkQ5Kk3qbwiUYkdX17Xa1PT6U1ZWXGGfB1ey5L8dKMlFq2DO0Ag==
  dependencies:
    d3-time "1 - 2"

"d3-time@1 - 2", d3-time@2:
  version "2.0.0"
  resolved "https://registry.yarnpkg.com/d3-time/-/d3-time-2.0.0.tgz#ad7c127d17c67bd57a4c61f3eaecb81108b1e0ab"
  integrity sha512-2mvhstTFcMvwStWd9Tj3e6CEqtOivtD8AUiHT8ido/xmzrI9ijrUUihZ6nHuf/vsScRBonagOdj0Vv+SEL5G3Q==

"d3-timer@1 - 2", d3-timer@2:
  version "2.0.0"
  resolved "https://registry.yarnpkg.com/d3-timer/-/d3-timer-2.0.0.tgz#055edb1d170cfe31ab2da8968deee940b56623e6"
  integrity sha512-TO4VLh0/420Y/9dO3+f9abDEFYeCUr2WZRlxJvbp4HPTQcSylXNiL6yZa9FIUvV1yRiFufl1bszTCLDqv9PWNA==

d3-transition@2:
  version "2.0.0"
  resolved "https://registry.yarnpkg.com/d3-transition/-/d3-transition-2.0.0.tgz#366ef70c22ef88d1e34105f507516991a291c94c"
  integrity sha512-42ltAGgJesfQE3u9LuuBHNbGrI/AJjNL2OAUdclE70UE6Vy239GCBEYD38uBPoLeNsOhFStGpPI0BAOV+HMxog==
  dependencies:
    d3-color "1 - 2"
    d3-dispatch "1 - 2"
    d3-ease "1 - 2"
    d3-interpolate "1 - 2"
    d3-timer "1 - 2"

d3-zoom@2:
  version "2.0.0"
  resolved "https://registry.yarnpkg.com/d3-zoom/-/d3-zoom-2.0.0.tgz#f04d0afd05518becce879d04709c47ecd93fba54"
  integrity sha512-fFg7aoaEm9/jf+qfstak0IYpnesZLiMX6GZvXtUSdv8RH2o4E2qeelgdU09eKS6wGuiGMfcnMI0nTIqWzRHGpw==
  dependencies:
    d3-dispatch "1 - 2"
    d3-drag "2"
    d3-interpolate "1 - 2"
    d3-selection "2"
    d3-transition "2"

d3@^6.3.1:
  version "6.3.1"
  resolved "https://registry.yarnpkg.com/d3/-/d3-6.3.1.tgz#c5fe6c7abff432826775a9e04db80b5f2e22eb1c"
  integrity sha512-rbaoA67o2N4lO1TCuvrTGQdowNb3zT0z2ygg6TLmJZAd7TRPg+lhbfDOVwQUAgdbRD+73kg2FrEQ9HLiap5H2w==
  dependencies:
    d3-array "2"
    d3-axis "2"
    d3-brush "2"
    d3-chord "2"
    d3-color "2"
    d3-contour "2"
    d3-delaunay "5"
    d3-dispatch "2"
    d3-drag "2"
    d3-dsv "2"
    d3-ease "2"
    d3-fetch "2"
    d3-force "2"
    d3-format "2"
    d3-geo "2"
    d3-hierarchy "2"
    d3-interpolate "2"
    d3-path "2"
    d3-polygon "2"
    d3-quadtree "2"
    d3-random "2"
    d3-scale "3"
    d3-scale-chromatic "2"
    d3-selection "2"
    d3-shape "2"
    d3-time "2"
    d3-time-format "3"
    d3-timer "2"
    d3-transition "2"
    d3-zoom "2"

d3fc@^15.1.2:
  version "15.1.2"
  resolved "https://registry.yarnpkg.com/d3fc/-/d3fc-15.1.2.tgz#3286f014f47ccaffc405d813a44c758c7b356b8f"
  integrity sha512-1vJGtgX1Nz5gdax8JUbJUeSx67sTLwultgbC6W1d1SESxwYUwBGUMbD5KEwsLmjr3/2VooV33AWYfD90LFfS+A==
  dependencies:
    "@d3fc/d3fc-annotation" "^3.0.11"
    "@d3fc/d3fc-axis" "^3.0.5"
    "@d3fc/d3fc-brush" "^3.0.3"
    "@d3fc/d3fc-chart" "^5.0.7"
    "@d3fc/d3fc-data-join" "^6.0.3"
    "@d3fc/d3fc-discontinuous-scale" "^4.0.1"
    "@d3fc/d3fc-element" "^6.1.2"
    "@d3fc/d3fc-extent" "^4.0.2"
    "@d3fc/d3fc-financial-feed" "^7.0.1"
    "@d3fc/d3fc-group" "^3.0.1"
    "@d3fc/d3fc-label-layout" "^7.0.3"
    "@d3fc/d3fc-pointer" "^3.0.2"
    "@d3fc/d3fc-random-data" "^4.0.1"
    "@d3fc/d3fc-rebind" "^6.0.1"
    "@d3fc/d3fc-sample" "^5.0.1"
    "@d3fc/d3fc-series" "^6.0.4"
    "@d3fc/d3fc-shape" "^6.0.1"
    "@d3fc/d3fc-technical-indicator" "^8.0.1"
    "@d3fc/d3fc-webgl" "^3.1.0"
    "@d3fc/d3fc-zoom" "^1.1.1"

decimal.js@^10.0.0, decimal.js@^10.2.1:
  version "10.2.1"
  resolved "https://registry.yarnpkg.com/decimal.js/-/decimal.js-10.2.1.tgz#238ae7b0f0c793d3e3cea410108b35a2c01426a3"
  integrity sha512-KaL7+6Fw6i5A2XSnsbhm/6B+NuEA7TZ4vqxnd5tXz9sbKtrN9Srj8ab4vKVdK8YAqZO9P1kg45Y6YLoduPf+kw==

delaunator@4:
  version "4.0.1"
  resolved "https://registry.yarnpkg.com/delaunator/-/delaunator-4.0.1.tgz#3d779687f57919a7a418f8ab947d3bddb6846957"
  integrity sha512-WNPWi1IRKZfCt/qIDMfERkDp93+iZEmOxN2yy4Jg+Xhv8SLk2UTqqbe1sfiipn0and9QrE914/ihdx82Y/Giag==

escape-latex@^1.2.0:
  version "1.2.0"
  resolved "https://registry.yarnpkg.com/escape-latex/-/escape-latex-1.2.0.tgz#07c03818cf7dac250cce517f4fda1b001ef2bca1"
  integrity sha512-nV5aVWW1K0wEiUIEdZ4erkGGH8mDxGyxSeqPzRNtWP7ataw+/olFObw7hujFWlVjNsaDFw5VZ5NzVSIqRgfTiw==

ezlog@0.0.14:
  version "0.0.14"
  resolved "https://registry.yarnpkg.com/ezlog/-/ezlog-0.0.14.tgz#76768d4129c073987ba09c82c95afb0f26b0bcac"
  integrity sha1-dnaNQSnAc5h7oJyCyVr7DyawvKw=
  dependencies:
    opensoars_cls "0.0.10"

fraction.js@^4.0.13:
  version "4.0.13"
  resolved "https://registry.yarnpkg.com/fraction.js/-/fraction.js-4.0.13.tgz#3c1c315fa16b35c85fffa95725a36fa729c69dfe"
  integrity sha512-E1fz2Xs9ltlUp+qbiyx9wmt2n9dRzPsS11Jtdb8D2o+cC7wr9xkkKsVKJuBX0ST+LVS+LhLO+SbLJNtfWcJvXA==

iconv-lite@0.4:
  version "0.4.24"
  resolved "https://registry.yarnpkg.com/iconv-lite/-/iconv-lite-0.4.24.tgz#2022b4b25fbddc21d2f524974a474aafe733908b"
  integrity sha512-v3MXnZAcvnywkTUEZomIActle7RXXeedOR31wwl7VlyoXO4Qi9arvSenNQWne1TcRwhCL1HwLI21bEqdpj8/rA==
  dependencies:
    safer-buffer ">= 2.1.2 < 3"

isexe@^2.0.0:
  version "2.0.0"
  resolved "https://registry.yarnpkg.com/isexe/-/isexe-2.0.0.tgz#e8fbf374dc556ff8947a10dcb0572d633f2cfa10"
  integrity sha1-6PvzdNxVb/iUehDcsFctYz8s+hA=

javascript-natural-sort@^0.7.1:
  version "0.7.1"
  resolved "https://registry.yarnpkg.com/javascript-natural-sort/-/javascript-natural-sort-0.7.1.tgz#f9e2303d4507f6d74355a73664d1440fb5a0ef59"
  integrity sha1-+eIwPUUH9tdDVac2ZNFED7Wg71k=

ma@^0.0.7:
  version "0.0.7"
  resolved "https://registry.yarnpkg.com/ma/-/ma-0.0.7.tgz#7dd4c6be9adffde0370d88ffe9f22b3bf466f616"
  integrity sha1-fdTGvprf/eA3DYj/6fIrO/Rm9hY=
  dependencies:
    ezlog "0.0.14"
    opensoars_cls "0.0.10"

math@^0.0.3:
  version "0.0.3"
  resolved "https://registry.yarnpkg.com/math/-/math-0.0.3.tgz#85b020fd54ce10b26abeabfcd7e1f4bdbc46470f"
  integrity sha1-hbAg/VTOELJqvqv81+H0vbxGRw8=

mathjs@^8.1.1:
  version "8.1.1"
  resolved "https://registry.yarnpkg.com/mathjs/-/mathjs-8.1.1.tgz#89d6f2fc4a90e9038db3690678a9e1ce563e15ea"
  integrity sha512-b3TX3EgiZObujjwb8lZnTDLUuivC2jar4ZBjmGJ4stFYCDXx/DNwx5yry5t/z65p9mvejyZel1qoeR05KtChcQ==
  dependencies:
    complex.js "^2.0.11"
    decimal.js "^10.2.1"
    escape-latex "^1.2.0"
    fraction.js "^4.0.13"
    javascript-natural-sort "^0.7.1"
    seedrandom "^3.0.5"
    tiny-emitter "^2.1.0"
    typed-function "^2.0.0"

moment@^2.10.2:
  version "2.29.1"
  resolved "https://registry.yarnpkg.com/moment/-/moment-2.29.1.tgz#b2be769fa31940be9eeea6469c075e35006fa3d3"
  integrity sha512-kHmoybcPV8Sqy59DwNDY3Jefr64lK/by/da0ViFcuA4DH0vQg5Q6Ze5VimxkfQNSC+Mls/Kx53s7TjP1RhFEDQ==

nerdamer@^1.1.6:
  version "1.1.6"
  resolved "https://registry.yarnpkg.com/nerdamer/-/nerdamer-1.1.6.tgz#12c996aea2863e3e16927f0a722ffbc6dc2664af"
  integrity sha512-Ht2NKdFUFMUfbfLg7dlLs/4AGEEMRbPTtP+jI50moCej0sNTFwX1OafU+ktZCJfEdoonaciig6NEgud2+TFRKA==

opensoars_cls@0.0.10:
  version "0.0.10"
  resolved "https://registry.yarnpkg.com/opensoars_cls/-/opensoars_cls-0.0.10.tgz#06e6e2aabc606084cbeac0ebd45706c44e8e886e"
  integrity sha1-BubiqrxgYITL6sDr1FcGxE6OiG4=

path-key@^3.1.0:
  version "3.1.1"
  resolved "https://registry.yarnpkg.com/path-key/-/path-key-3.1.1.tgz#581f6ade658cbba65a0d3380de7753295054f375"
  integrity sha512-ojmeN0qd+y0jszEtoY48r0Peq5dwMEkIlCOu6Q5f41lfkswXuKtYrhgoTpLnyIcHm24Uhqx+5Tqm2InSwLhE6Q==

rw@1:
  version "1.3.3"
  resolved "https://registry.yarnpkg.com/rw/-/rw-1.3.3.tgz#3f862dfa91ab766b14885ef4d01124bfda074fb4"
  integrity sha1-P4Yt+pGrdmsUiF700BEkv9oHT7Q=

"safer-buffer@>= 2.1.2 < 3":
  version "2.1.2"
  resolved "https://registry.yarnpkg.com/safer-buffer/-/safer-buffer-2.1.2.tgz#44fa161b0187b9549dd84bb91802f9bd8385cd6a"
  integrity sha512-YZo3K82SD7Riyi0E1EQPojLz7kpepnSQI9IyPbHHg1XXXevb5dJI7tpyN2ADxGcQbHG7vcyRHk0cbwqcQriUtg==

seedrandom@^3.0.5:
  version "3.0.5"
  resolved "https://registry.yarnpkg.com/seedrandom/-/seedrandom-3.0.5.tgz#54edc85c95222525b0c7a6f6b3543d8e0b3aa0a7"
  integrity sha512-8OwmbklUNzwezjGInmZ+2clQmExQPvomqjL7LFqOYqtmuxRgQYqOD3mHaU+MvZn5FLUeVxVfQjwLZW/n/JFuqg==

shebang-command@^2.0.0:
  version "2.0.0"
  resolved "https://registry.yarnpkg.com/shebang-command/-/shebang-command-2.0.0.tgz#ccd0af4f8835fbdc265b82461aaf0c36663f34ea"
  integrity sha512-kHxr2zZpYtdmrN1qDjrrX/Z1rR1kG8Dx+gkpK1G4eXmvXswmcE1hTWBWYUzlraYw1/yZp6YuDY77YtvbN0dmDA==
  dependencies:
    shebang-regex "^3.0.0"

shebang-regex@^3.0.0:
  version "3.0.0"
  resolved "https://registry.yarnpkg.com/shebang-regex/-/shebang-regex-3.0.0.tgz#ae16f1644d873ecad843b0307b143362d4c42172"
  integrity sha512-7++dFhtcx3353uBaq8DDR4NuxBetBzC7ZQOhmTQInHEd6bSrXdiEyzCvG07Z44UYdLShWUyXt5M/yhz8ekcb1A==

tiny-emitter@^2.1.0:
  version "2.1.0"
  resolved "https://registry.yarnpkg.com/tiny-emitter/-/tiny-emitter-2.1.0.tgz#1d1a56edfc51c43e863cbb5382a72330e3555423"
  integrity sha512-NB6Dk1A9xgQPMoGqC5CVXn123gWyte215ONT5Pp5a0yt4nlEoO1ZWeCwpncaekPHXO60i47ihFnZPiRPjRMq4Q==

typed-function@^2.0.0:
  version "2.0.0"
  resolved "https://registry.yarnpkg.com/typed-function/-/typed-function-2.0.0.tgz#15ab3825845138a8b1113bd89e60cd6a435739e8"
  integrity sha512-Hhy1Iwo/e4AtLZNK10ewVVcP2UEs408DS35ubP825w/YgSBK1KVLwALvvIG4yX75QJrxjCpcWkzkVRB0BwwYlA==

typescript@^4.1.3:
  version "4.1.3"
  resolved "https://registry.yarnpkg.com/typescript/-/typescript-4.1.3.tgz#519d582bd94cba0cf8934c7d8e8467e473f53bb7"
  integrity sha512-B3ZIOf1IKeH2ixgHhj6la6xdwR9QrLC5d1VKeCSY4tvkqhF2eqd9O7txNlS0PO3GrBAFIdr3L1ndNwteUbZLYg==

which@^2.0.1:
  version "2.0.2"
  resolved "https://registry.yarnpkg.com/which/-/which-2.0.2.tgz#7c6a8dd0a636a0327e10b59c9286eee93f3f51b1"
  integrity sha512-BLI3Tl1TW3Pvl70l3yq3Y64i+awpwXqsGBYWkkqMtnbXgrMD+yj7rhW0kuEDxzJaYXGjEW5ogapKNMEKNMjibA==
  dependencies:
    isexe "^2.0.0"
